<?xml version="1.0" encoding="utf-8"?>
<Project ToolsVersion="4.0" xmlns="http://schemas.microsoft.com/developer/msbuild/2003">
  <ItemGroup>
    <Filter Include="소스 파일">
      <UniqueIdentifier>{4FC737F1-C7A5-4376-A066-2A32D752A2FF}</UniqueIdentifier>
      <Extensions>cpp;c;cc;cxx;def;odl;idl;hpj;bat;asm;asmx</Extensions>
    </Filter>
    <Filter Include="헤더 파일">
      <UniqueIdentifier>{93995380-89BD-4b04-88EB-625FBE52EBFB}</UniqueIdentifier>
      <Extensions>h;hh;hpp;hxx;hm;inl;inc;xsd</Extensions>
    </Filter>
    <Filter Include="리소스 파일">
      <UniqueIdentifier>{67DA6AB6-F800-4c08-8B7A-83BB121AAD01}</UniqueIdentifier>
      <Extensions>rc;ico;cur;bmp;dlg;rc2;rct;bin;rgs;gif;jpg;jpeg;jpe;resx;tiff;tif;png;wav;mfcribbon-ms</Extensions>
    </Filter>
    <Filter Include="소스 파일\SWExpert">
      <UniqueIdentifier>{a66a40c0-9fb9-4cf1-a12b-882b87849b12}</UniqueIdentifier>
    </Filter>
    <Filter Include="소스 파일\Baekjoon">
      <UniqueIdentifier>{4f70bb22-2f2f-4b33-aa34-f52892ac67db}</UniqueIdentifier>
    </Filter>
    <Filter Include="소스 파일\LTest">
      <UniqueIdentifier>{eff7fe06-3449-408e-a777-92daa4e4f81c}</UniqueIdentifier>
    </Filter>
    <Filter Include="리소스 파일\SWExpert">
      <UniqueIdentifier>{ece184ec-d54d-4243-9b70-8892a4653016}</UniqueIdentifier>
    </Filter>
    <Filter Include="리소스 파일\LTest">
      <UniqueIdentifier>{a0c0e74e-9d88-44f0-97bd-f782aed60879}</UniqueIdentifier>
    </Filter>
  </ItemGroup>
  <ItemGroup>
    <ClCompile Include="sorting.cpp">
      <Filter>소스 파일</Filter>
    </ClCompile>
    <ClCompile Include="mergesort.cpp">
      <Filter>소스 파일</Filter>
    </ClCompile>
    <ClCompile Include="1949_mountain.cpp">
      <Filter>소스 파일\SWExpert</Filter>
    </ClCompile>
    <ClCompile Include="1949_SampleAnswer.cpp">
      <Filter>소스 파일\SWExpert</Filter>
    </ClCompile>
    <ClCompile Include="3499_PerfectShuffle.cpp">
      <Filter>소스 파일\SWExpert</Filter>
    </ClCompile>
    <ClCompile Include="4008_makeNumber.cpp">
      <Filter>소스 파일\SWExpert</Filter>
    </ClCompile>
    <ClCompile Include="붕어빵판매.cpp">
      <Filter>소스 파일\Baekjoon</Filter>
    </ClCompile>
    <ClCompile Include="findShop.cpp">
      <Filter>소스 파일\LTest</Filter>
    </ClCompile>
    <ClCompile Include="runLengthCoding.cpp">
      <Filter>소스 파일\LTest</Filter>
    </ClCompile>
    <ClCompile Include="grouping.cpp">
      <Filter>소스 파일\LTest</Filter>
    </ClCompile>
    <ClCompile Include="sticker.cpp">
      <Filter>소스 파일\LTest</Filter>
    </ClCompile>
    <ClCompile Include="partTimeJob.cpp">
      <Filter>소스 파일\LTest</Filter>
    </ClCompile>
    <ClCompile Include="2112_gaurdFilm.cpp">
      <Filter>소스 파일\SWExpert</Filter>
    </ClCompile>
    <ClCompile Include="2112_sampleAnswer.cpp">
      <Filter>소스 파일\SWExpert</Filter>
    </ClCompile>
    <ClCompile Include="2105_dessertCafe.cpp">
      <Filter>소스 파일\SWExpert</Filter>
    </ClCompile>
    <ClCompile Include="2477_carGarage.cpp">
      <Filter>소스 파일\SWExpert</Filter>
    </ClCompile>
    <ClCompile Include="2477_sampleAnswer.cpp">
      <Filter>소스 파일\SWExpert</Filter>
    </ClCompile>
    <ClCompile Include="4131_runway.cpp">
      <Filter>소스 파일\SWExpert</Filter>
    </ClCompile>
    <ClCompile Include="2117_homeService.cpp">
      <Filter>소스 파일\SWExpert</Filter>
    </ClCompile>
    <ClCompile Include="4128_chef.cpp">
      <Filter>소스 파일\SWExpert</Filter>
    </ClCompile>
    <ClCompile Include="2115_honeyBee.cpp">
      <Filter>소스 파일\SWExpert</Filter>
    </ClCompile>
    <ClCompile Include="1952_swimming.cpp">
      <Filter>소스 파일\SWExpert</Filter>
    </ClCompile>
    <ClCompile Include="2383_lunchTime.cpp">
      <Filter>소스 파일\SWExpert</Filter>
    </ClCompile>
    <ClCompile Include="4123_makeNumber.cpp">
      <Filter>소스 파일\SWExpert</Filter>
    </ClCompile>
    <ClCompile Include="4130_magnet.cpp">
      <Filter>소스 파일\SWExpert</Filter>
    </ClCompile>
    <ClCompile Include="2382_microorganism.cpp">
      <Filter>소스 파일\SWExpert</Filter>
    </ClCompile>
    <ClCompile Include="1953_prisoner.cpp">
      <Filter>소스 파일\SWExpert</Filter>
    </ClCompile>
  </ItemGroup>
  <ItemGroup>
    <Text Include="2105_dessertCafe.txt">
      <Filter>리소스 파일\SWExpert</Filter>
    </Text>
    <Text Include="2112_gaurdFilm.txt">
      <Filter>리소스 파일\SWExpert</Filter>
    </Text>
    <Text Include="2115_honeyBee.txt">
      <Filter>리소스 파일\SWExpert</Filter>
    </Text>
    <Text Include="2117_homeService.txt">
      <Filter>리소스 파일\SWExpert</Filter>
    </Text>
    <Text Include="2477_carGarage.txt">
      <Filter>리소스 파일\SWExpert</Filter>
    </Text>
    <Text Include="4128_chef.txt">
      <Filter>리소스 파일\SWExpert</Filter>
    </Text>
    <Text Include="4131_runway.txt">
      <Filter>리소스 파일\SWExpert</Filter>
    </Text>
    <Text Include="findShop.txt">
      <Filter>리소스 파일\LTest</Filter>
    </Text>
    <Text Include="grouping.txt">
      <Filter>리소스 파일\LTest</Filter>
    </Text>
    <Text Include="partTimeJob.txt">
      <Filter>리소스 파일\LTest</Filter>
    </Text>
    <Text Include="runLengthCoding.txt">
      <Filter>리소스 파일\LTest</Filter>
    </Text>
    <Text Include="sticker.txt">
      <Filter>리소스 파일\LTest</Filter>
    </Text>
    <Text Include="1952_swimming.txt">
      <Filter>리소스 파일\SWExpert</Filter>
    </Text>
    <Text Include="2383_lunchTime.txt">
      <Filter>리소스 파일\SWExpert</Filter>
    </Text>
    <Text Include="4123_makeNumber.txt">
      <Filter>리소스 파일\SWExpert</Filter>
    </Text>
    <Text Include="4130_magnet.txt">
      <Filter>리소스 파일\SWExpert</Filter>
    </Text>
    <Text Include="2382_microorganism.txt">
      <Filter>리소스 파일\SWExpert</Filter>
    </Text>
    <Text Include="1953_prisoner.txt">
      <Filter>리소스 파일\SWExpert</Filter>
    </Text>
  </ItemGroup>
</Project>